
Microsoft Visual Studio Solution File, Format Version 12.00
# Visual Studio Version 17
VisualStudioVersion = 17.2.32526.322
MinimumVisualStudioVersion = 10.0.40219.1
Project("{FAE04EC0-301F-11D3-BF4B-00C04F79EFBC}") = "EmployeePayRoll", "EmployeePayRoll\EmployeePayRoll.csproj", "{D6807112-5186-4C93-99D6-E40DD2E77218}"
EndProject
Global
	GlobalSection(SolutionConfigurationPlatforms) = preSolution
		Debug|Any CPU = Debug|Any CPU
		Release|Any CPU = Release|Any CPU
	EndGlobalSection
	GlobalSection(ProjectConfigurationPlatforms) = postSolution
		{D6807112-5186-4C93-99D6-E40DD2E77218}.Debug|Any CPU.ActiveCfg = Debug|Any CPU
		{D6807112-5186-4C93-99D6-E40DD2E77218}.Debug|Any CPU.Build.0 = Debug|Any CPU
		{D6807112-5186-4C93-99D6-E40DD2E77218}.Release|Any CPU.ActiveCfg = Release|Any CPU
		{D6807112-5186-4C93-99D6-E40DD2E77218}.Release|Any CPU.Build.0 = Release|Any CPU
	EndGlobalSection
	GlobalSection(SolutionProperties) = preSolution
		HideSolutionNode = FALSE
	EndGlobalSection
	GlobalSection(ExtensibilityGlobals) = postSolution
		SolutionGuid = {CB7BB038-2B0F-4CC3-82FD-6C0B419DFFF7}
	EndGlobalSection
EndGlobal
